PODS:
  - Amplify (1.23.0):
    - Amplify/Default (= 1.23.0)
  - Amplify/Default (1.23.0)
  - amplify_api (0.0.1):
    - Amplify (= 1.23.0)
    - amplify_core
    - AmplifyPlugins/AWSAPIPlugin (= 1.23.0)
    - Flutter
    - SwiftFormat/CLI
    - SwiftLint
  - amplify_auth_cognito_ios (0.0.1):
    - Amplify (= 1.23.0)
    - amplify_core
    - AmplifyPlugins/AWSCognitoAuthPlugin (= 1.23.0)
    - Flutter
    - ObjectMapper
  - amplify_core (0.0.1):
    - Flutter
    - SwiftFormat/CLI
    - SwiftLint
  - amplify_flutter (0.0.1):
    - Amplify (= 1.23.0)
    - amplify_core
    - AmplifyPlugins/AWSCognitoAuthPlugin (= 1.23.0)
    - AWSPluginsCore (= 1.23.0)
    - Flutter
    - SwiftFormat/CLI
    - SwiftLint
  - amplify_storage_s3_ios (0.0.1):
    - Amplify (= 1.23.0)
    - amplify_core
    - AmplifyPlugins/AWSS3StoragePlugin (= 1.23.0)
    - Flutter
  - AmplifyPlugins/AWSAPIPlugin (1.23.0):
    - AppSyncRealTimeClient (~> 1.8)
    - AWSCore (~> 2.27.0)
    - AWSPluginsCore (= 1.23.0)
  - AmplifyPlugins/AWSCognitoAuthPlugin (1.23.0):
    - AWSAuthCore (~> 2.27.0)
    - AWSCognitoIdentityProvider (~> 2.27.0)
    - AWSCognitoIdentityProviderASF (~> 2.27.0)
    - AWSCore (~> 2.27.0)
    - AWSMobileClient (~> 2.27.0)
    - AWSPluginsCore (= 1.23.0)
  - AmplifyPlugins/AWSS3StoragePlugin (1.23.0):
    - AWSCore (~> 2.27.0)
    - AWSPluginsCore (= 1.23.0)
    - AWSS3 (~> 2.27.0)
  - AppSyncRealTimeClient (1.9.1):
    - Starscream (~> 4.0.4)
  - AWSAuthCore (2.27.9):
    - AWSCore (= 2.27.9)
  - AWSCognitoIdentityProvider (2.27.9):
    - AWSCognitoIdentityProviderASF (= 2.27.9)
    - AWSCore (= 2.27.9)
  - AWSCognitoIdentityProviderASF (2.27.9):
    - AWSCore (= 2.27.9)
  - AWSCore (2.27.9)
  - AWSMobileClient (2.27.9):
    - AWSAuthCore (= 2.27.9)
    - AWSCognitoIdentityProvider (= 2.27.9)
    - AWSCognitoIdentityProviderASF (= 2.27.9)
    - AWSCore (= 2.27.9)
  - AWSPluginsCore (1.23.0):
    - Amplify (= 1.23.0)
    - AWSCore (~> 2.27.0)
  - AWSS3 (2.27.9):
    - AWSCore (= 2.27.9)
  - Flutter (1.0.0)
  - ObjectMapper (4.2.0)
  - pay_ios (0.0.1):
    - Flutter
  - Starscream (4.0.4)
  - SwiftFormat/CLI (0.49.9)
  - SwiftLint (0.47.1)

DEPENDENCIES:
  - amplify_api (from `.symlinks/plugins/amplify_api/ios`)
  - amplify_auth_cognito_ios (from `.symlinks/plugins/amplify_auth_cognito_ios/ios`)
  - amplify_core (from `.symlinks/plugins/amplify_core/ios`)
  - amplify_flutter (from `.symlinks/plugins/amplify_flutter/ios`)
  - amplify_storage_s3_ios (from `.symlinks/plugins/amplify_storage_s3_ios/ios`)
  - Flutter (from `Flutter`)
  - pay_ios (from `.symlinks/plugins/pay_ios/ios`)

SPEC REPOS:
  trunk:
    - Amplify
    - AmplifyPlugins
    - AppSyncRealTimeClient
    - AWSAuthCore
    - AWSCognitoIdentityProvider
    - AWSCognitoIdentityProviderASF
    - AWSCore
    - AWSMobileClient
    - AWSPluginsCore
    - AWSS3
    - ObjectMapper
    - Starscream
    - SwiftFormat
    - SwiftLint

EXTERNAL SOURCES:
  amplify_api:
    :path: ".symlinks/plugins/amplify_api/ios"
  amplify_auth_cognito_ios:
    :path: ".symlinks/plugins/amplify_auth_cognito_ios/ios"
  amplify_core:
    :path: ".symlinks/plugins/amplify_core/ios"
  amplify_flutter:
    :path: ".symlinks/plugins/amplify_flutter/ios"
  amplify_storage_s3_ios:
    :path: ".symlinks/plugins/amplify_storage_s3_ios/ios"
  Flutter:
    :path: Flutter
  pay_ios:
    :path: ".symlinks/plugins/pay_ios/ios"

SPEC CHECKSUMS:
  Amplify: 010d6a71db20812d9e3062db1fe827393d01e584
  amplify_api: e002dc6c1abab0d50bd8e4fca5327eed2cab2eee
  amplify_auth_cognito_ios: c67d4bf0901717cb193f16ed24c389be7f4d7daf
  amplify_core: e67fe0c53845db08aced670bfc7370b1329d2798
  amplify_flutter: 0cfb67a9864be1605c6659635c2b98700fe8c34d
  amplify_storage_s3_ios: 9f909ed387be893ee4a26b040ad1fb7212b9e14d
  AmplifyPlugins: d939707cf36dfcd53c5fd6533e842e323a2287ab
  AppSyncRealTimeClient: cdee78ab78249cb87a71d975e1436e692813a606
  AWSAuthCore: 5d43a450e93ff6c9a5218c90e1cdb1069cd1f3a4
  AWSCognitoIdentityProvider: 7b4835e094cec4f35a988c5eabea5b8980fb7953
  AWSCognitoIdentityProviderASF: 3adc532f5f7e3641ea954cd30adc2e7b5768488f
  AWSCore: 3419bcaeec8d7809efa32f0e83f151ef8e93ad78
  AWSMobileClient: f942269e300b23031fbd62892e5642d3cf35cb97
  AWSPluginsCore: 120cfa265293694921b6595fe00d1cb5ab558847
  AWSS3: e2040a6ddf05ae4cef4abe2b9d91295deef92565
  Flutter: f04841e97a9d0b0a8025694d0796dd46242b2854
  ObjectMapper: 1eb41f610210777375fa806bf161dc39fb832b81
  pay_ios: 8c7beb9c61d885f3f51b61f75f8793023fc8843a
  Starscream: 5178aed56b316f13fa3bc55694e583d35dd414d9
  SwiftFormat: 016c15401d06959ef9f81d7956462e91f55b8ac5
  SwiftLint: f80f1be7fa96d30e0aa68e58d45d4ea1ccaac519

PODFILE CHECKSUM: f302ba7a13ea52a2f24d0294e52988da13435ae9

COCOAPODS: 1.11.2
